
Microsoft Visual Studio Solution File, Format Version 12.00
# Visual Studio Version 17
VisualStudioVersion = 17.1.32210.238
MinimumVisualStudioVersion = 10.0.40219.1
Project("{9A19103F-16F7-4668-BE54-9A1E7A4F7556}") = "TourPlanner.PL", "TourPlanner.PL\TourPlanner.PL.csproj", "{BE269F88-0663-4752-BDF6-894F655AC22F}"
EndProject
Project("{2150E333-8FDC-42A3-9474-1A3956D46DE8}") = "Solution Items", "Solution Items", "{6024A772-EA56-43BD-9C57-580EDCE8A104}"
	ProjectSection(SolutionItems) = preProject
		..\Timetracking.txt = ..\Timetracking.txt
	EndProjectSection
EndProject
Project("{9A19103F-16F7-4668-BE54-9A1E7A4F7556}") = "TourPlanner.Model", "TourPlanner.Models\TourPlanner.Model.csproj", "{C1BD58BA-5598-43CB-B0F9-F0DEFA7C453C}"
EndProject
Project("{9A19103F-16F7-4668-BE54-9A1E7A4F7556}") = "TourPlanner.DAL", "TourPlanner.DAL\TourPlanner.DAL.csproj", "{6F856181-43C5-419F-942E-F8F05F78FCB4}"
EndProject
Project("{9A19103F-16F7-4668-BE54-9A1E7A4F7556}") = "TourPlanner.BL", "TourPlanner.BL\TourPlanner.BL.csproj", "{7B37951D-DAFE-4E04-9620-CFD566A79105}"
EndProject
Project("{FAE04EC0-301F-11D3-BF4B-00C04F79EFBC}") = "TourPlanner.Test", "TourPlanner.Test\TourPlanner.Test.csproj", "{C6B992F5-9273-49A3-A0DC-3AB7FB41E8E4}"
EndProject
Global
	GlobalSection(SolutionConfigurationPlatforms) = preSolution
		Debug|Any CPU = Debug|Any CPU
		Release|Any CPU = Release|Any CPU
	EndGlobalSection
	GlobalSection(ProjectConfigurationPlatforms) = postSolution
		{BE269F88-0663-4752-BDF6-894F655AC22F}.Debug|Any CPU.ActiveCfg = Debug|Any CPU
		{BE269F88-0663-4752-BDF6-894F655AC22F}.Debug|Any CPU.Build.0 = Debug|Any CPU
		{BE269F88-0663-4752-BDF6-894F655AC22F}.Release|Any CPU.ActiveCfg = Release|Any CPU
		{BE269F88-0663-4752-BDF6-894F655AC22F}.Release|Any CPU.Build.0 = Release|Any CPU
		{C1BD58BA-5598-43CB-B0F9-F0DEFA7C453C}.Debug|Any CPU.ActiveCfg = Debug|Any CPU
		{C1BD58BA-5598-43CB-B0F9-F0DEFA7C453C}.Debug|Any CPU.Build.0 = Debug|Any CPU
		{C1BD58BA-5598-43CB-B0F9-F0DEFA7C453C}.Release|Any CPU.ActiveCfg = Release|Any CPU
		{C1BD58BA-5598-43CB-B0F9-F0DEFA7C453C}.Release|Any CPU.Build.0 = Release|Any CPU
		{6F856181-43C5-419F-942E-F8F05F78FCB4}.Debug|Any CPU.ActiveCfg = Debug|Any CPU
		{6F856181-43C5-419F-942E-F8F05F78FCB4}.Debug|Any CPU.Build.0 = Debug|Any CPU
		{6F856181-43C5-419F-942E-F8F05F78FCB4}.Release|Any CPU.ActiveCfg = Release|Any CPU
		{6F856181-43C5-419F-942E-F8F05F78FCB4}.Release|Any CPU.Build.0 = Release|Any CPU
		{7B37951D-DAFE-4E04-9620-CFD566A79105}.Debug|Any CPU.ActiveCfg = Debug|Any CPU
		{7B37951D-DAFE-4E04-9620-CFD566A79105}.Debug|Any CPU.Build.0 = Debug|Any CPU
		{7B37951D-DAFE-4E04-9620-CFD566A79105}.Release|Any CPU.ActiveCfg = Release|Any CPU
		{7B37951D-DAFE-4E04-9620-CFD566A79105}.Release|Any CPU.Build.0 = Release|Any CPU
		{C6B992F5-9273-49A3-A0DC-3AB7FB41E8E4}.Debug|Any CPU.ActiveCfg = Debug|Any CPU
		{C6B992F5-9273-49A3-A0DC-3AB7FB41E8E4}.Debug|Any CPU.Build.0 = Debug|Any CPU
		{C6B992F5-9273-49A3-A0DC-3AB7FB41E8E4}.Release|Any CPU.ActiveCfg = Release|Any CPU
		{C6B992F5-9273-49A3-A0DC-3AB7FB41E8E4}.Release|Any CPU.Build.0 = Release|Any CPU
	EndGlobalSection
	GlobalSection(SolutionProperties) = preSolution
		HideSolutionNode = FALSE
	EndGlobalSection
	GlobalSection(ExtensibilityGlobals) = postSolution
		SolutionGuid = {C24B6180-8079-4753-ADD4-0BD64CB5C950}
	EndGlobalSection
EndGlobal
